
Microsoft Visual Studio Solution File, Format Version 12.00
# Visual Studio Version 17
VisualStudioVersion = 17.9.34622.214
MinimumVisualStudioVersion = 10.0.40219.1
Project("{9A19103F-16F7-4668-BE54-9A1E7A4F7556}") = "serialcom", "serialcom\serialcom.csproj", "{16AB0DB6-4246-49C7-A940-D9BA52ED3629}"
EndProject
Project("{9A19103F-16F7-4668-BE54-9A1E7A4F7556}") = "gattcom", "gattcom\gattcom.csproj", "{95CE14AC-6A33-4BD4-8B0E-5F86C588CB22}"
EndProject
Global
	GlobalSection(SolutionConfigurationPlatforms) = preSolution
		Debug|Any CPU = Debug|Any CPU
		Release|Any CPU = Release|Any CPU
	EndGlobalSection
	GlobalSection(ProjectConfigurationPlatforms) = postSolution
		{16AB0DB6-4246-49C7-A940-D9BA52ED3629}.Debug|Any CPU.ActiveCfg = Debug|Any CPU
		{16AB0DB6-4246-49C7-A940-D9BA52ED3629}.Debug|Any CPU.Build.0 = Debug|Any CPU
		{16AB0DB6-4246-49C7-A940-D9BA52ED3629}.Release|Any CPU.ActiveCfg = Release|Any CPU
		{16AB0DB6-4246-49C7-A940-D9BA52ED3629}.Release|Any CPU.Build.0 = Release|Any CPU
		{95CE14AC-6A33-4BD4-8B0E-5F86C588CB22}.Debug|Any CPU.ActiveCfg = Debug|Any CPU
		{95CE14AC-6A33-4BD4-8B0E-5F86C588CB22}.Debug|Any CPU.Build.0 = Debug|Any CPU
		{95CE14AC-6A33-4BD4-8B0E-5F86C588CB22}.Release|Any CPU.ActiveCfg = Release|Any CPU
		{95CE14AC-6A33-4BD4-8B0E-5F86C588CB22}.Release|Any CPU.Build.0 = Release|Any CPU
	EndGlobalSection
	GlobalSection(SolutionProperties) = preSolution
		HideSolutionNode = FALSE
	EndGlobalSection
	GlobalSection(ExtensibilityGlobals) = postSolution
		SolutionGuid = {DE2C506C-F89F-4B3A-A9B3-C300E3D2EB2F}
	EndGlobalSection
EndGlobal
